// !$*UTF8*$!
{
	archiveVersion = 1;
	classes = {
	};
	objectVersion = 56;
	objects = {

/* Begin PBXBuildFile section */
		9B1120052B167D61008963F8 /* Helping.cpp in Sources */ = {isa = PBXBuildFile; fileRef = 9B1120042B167D61008963F8 /* Helping.cpp */; };
		9B1120082B1AFAA8008963F8 /* main.cpp in Sources */ = {isa = PBXBuildFile; fileRef = 9B1120062B1AFAA8008963F8 /* main.cpp */; };
		9B32E0FB2B137A60006687ED /* InAndOut.cpp in Sources */ = {isa = PBXBuildFile; fileRef = 9B32E0F92B137A60006687ED /* InAndOut.cpp */; };
		9B32E0FE2B139A49006687ED /* Sorting.cpp in Sources */ = {isa = PBXBuildFile; fileRef = 9B32E0FC2B139A48006687ED /* Sorting.cpp */; };
		9B32E1012B139A69006687ED /* Book.cpp in Sources */ = {isa = PBXBuildFile; fileRef = 9B32E0FF2B139A69006687ED /* Book.cpp */; };
/* End PBXBuildFile section */

/* Begin PBXCopyFilesBuildPhase section */
		9B32E0DA2B1372B3006687ED /* CopyFiles */ = {
			isa = PBXCopyFilesBuildPhase;
			buildActionMask = 2147483647;
			dstPath = /usr/share/man/man1/;
			dstSubfolderSpec = 0;
			files = (
			);
			runOnlyForDeploymentPostprocessing = 1;
		};
/* End PBXCopyFilesBuildPhase section */

/* Begin PBXFileReference section */
		9B1120032B167BF8008963F8 /* Helping.h */ = {isa = PBXFileReference; lastKnownFileType = sourcecode.c.h; path = Helping.h; sourceTree = "<group>"; };
		9B1120042B167D61008963F8 /* Helping.cpp */ = {isa = PBXFileReference; lastKnownFileType = sourcecode.cpp.cpp; path = Helping.cpp; sourceTree = "<group>"; };
		9B1120062B1AFAA8008963F8 /* main.cpp */ = {isa = PBXFileReference; lastKnownFileType = sourcecode.cpp.cpp; path = main.cpp; sourceTree = "<group>"; };
		9B1120072B1AFAA8008963F8 /* main.hpp */ = {isa = PBXFileReference; lastKnownFileType = sourcecode.cpp.h; path = main.hpp; sourceTree = "<group>"; };
		9B32E0DC2B1372B3006687ED /* lab6 */ = {isa = PBXFileReference; explicitFileType = "compiled.mach-o.executable"; includeInIndex = 0; path = lab6; sourceTree = BUILT_PRODUCTS_DIR; };
		9B32E0F92B137A60006687ED /* InAndOut.cpp */ = {isa = PBXFileReference; lastKnownFileType = sourcecode.cpp.cpp; path = InAndOut.cpp; sourceTree = "<group>"; };
		9B32E0FA2B137A60006687ED /* InAndOut.hpp */ = {isa = PBXFileReference; lastKnownFileType = sourcecode.cpp.h; path = InAndOut.hpp; sourceTree = "<group>"; };
		9B32E0FC2B139A48006687ED /* Sorting.cpp */ = {isa = PBXFileReference; lastKnownFileType = sourcecode.cpp.cpp; path = Sorting.cpp; sourceTree = "<group>"; };
		9B32E0FD2B139A49006687ED /* Sorting.hpp */ = {isa = PBXFileReference; lastKnownFileType = sourcecode.cpp.h; path = Sorting.hpp; sourceTree = "<group>"; };
		9B32E0FF2B139A69006687ED /* Book.cpp */ = {isa = PBXFileReference; lastKnownFileType = sourcecode.cpp.cpp; path = Book.cpp; sourceTree = "<group>"; };
		9B32E1002B139A69006687ED /* Book.hpp */ = {isa = PBXFileReference; lastKnownFileType = sourcecode.cpp.h; path = Book.hpp; sourceTree = "<group>"; };
		9B32E1032B139AF8006687ED /* LibraryStruct.hpp */ = {isa = PBXFileReference; lastKnownFileType = sourcecode.cpp.h; path = LibraryStruct.hpp; sourceTree = "<group>"; };
		9B6F59862B1D1ECA006A3374 /* library.txt */ = {isa = PBXFileReference; lastKnownFileType = text; path = library.txt; sourceTree = "<group>"; };
/* End PBXFileReference section */

/* Begin PBXFrameworksBuildPhase section */
		9B32E0D92B1372B3006687ED /* Frameworks */ = {
			isa = PBXFrameworksBuildPhase;
			buildActionMask = 2147483647;
			files = (
			);
			runOnlyForDeploymentPostprocessing = 0;
		};
/* End PBXFrameworksBuildPhase section */

/* Begin PBXGroup section */
		9B32E0D32B1372B3006687ED = {
			isa = PBXGroup;
			children = (
				9B32E0DE2B1372B3006687ED /* lab6 */,
				9B32E0DD2B1372B3006687ED /* Products */,
			);
			sourceTree = "<group>";
		};
		9B32E0DD2B1372B3006687ED /* Products */ = {
			isa = PBXGroup;
			children = (
				9B32E0DC2B1372B3006687ED /* lab6 */,
			);
			name = Products;
			sourceTree = "<group>";
		};
		9B32E0DE2B1372B3006687ED /* lab6 */ = {
			isa = PBXGroup;
			children = (
				9B32E0F92B137A60006687ED /* InAndOut.cpp */,
				9B32E0FA2B137A60006687ED /* InAndOut.hpp */,
				9B32E0FC2B139A48006687ED /* Sorting.cpp */,
				9B32E0FD2B139A49006687ED /* Sorting.hpp */,
				9B32E0FF2B139A69006687ED /* Book.cpp */,
				9B32E1002B139A69006687ED /* Book.hpp */,
				9B32E1032B139AF8006687ED /* LibraryStruct.hpp */,
				9B1120042B167D61008963F8 /* Helping.cpp */,
				9B1120032B167BF8008963F8 /* Helping.h */,
				9B1120062B1AFAA8008963F8 /* main.cpp */,
				9B1120072B1AFAA8008963F8 /* main.hpp */,
				9B6F59862B1D1ECA006A3374 /* library.txt */,
			);
			path = lab6;
			sourceTree = "<group>";
		};
/* End PBXGroup section */

/* Begin PBXNativeTarget section */
		9B32E0DB2B1372B3006687ED /* lab6 */ = {
			isa = PBXNativeTarget;
			buildConfigurationList = 9B32E0E32B1372B3006687ED /* Build configuration list for PBXNativeTarget "lab6" */;
			buildPhases = (
				9B32E0D82B1372B3006687ED /* Sources */,
				9B32E0D92B1372B3006687ED /* Frameworks */,
				9B32E0DA2B1372B3006687ED /* CopyFiles */,
			);
			buildRules = (
			);
			dependencies = (
			);
			name = lab6;
			productName = lab6;
			productReference = 9B32E0DC2B1372B3006687ED /* lab6 */;
			productType = "com.apple.product-type.tool";
		};
/* End PBXNativeTarget section */

/* Begin PBXProject section */
		9B32E0D42B1372B3006687ED /* Project object */ = {
			isa = PBXProject;
			attributes = {
				BuildIndependentTargetsInParallel = 1;
				LastUpgradeCheck = 1430;
				TargetAttributes = {
					9B32E0DB2B1372B3006687ED = {
						CreatedOnToolsVersion = 14.3.1;
					};
				};
			};
			buildConfigurationList = 9B32E0D72B1372B3006687ED /* Build configuration list for PBXProject "lab6" */;
			compatibilityVersion = "Xcode 14.0";
			developmentRegion = en;
			hasScannedForEncodings = 0;
			knownRegions = (
				en,
				Base,
			);
			mainGroup = 9B32E0D32B1372B3006687ED;
			productRefGroup = 9B32E0DD2B1372B3006687ED /* Products */;
			projectDirPath = "";
			projectRoot = "";
			targets = (
				9B32E0DB2B1372B3006687ED /* lab6 */,
			);
		};
/* End PBXProject section */

/* Begin PBXSourcesBuildPhase section */
		9B32E0D82B1372B3006687ED /* Sources */ = {
			isa = PBXSourcesBuildPhase;
			buildActionMask = 2147483647;
			files = (
				9B32E1012B139A69006687ED /* Book.cpp in Sources */,
				9B1120082B1AFAA8008963F8 /* main.cpp in Sources */,
				9B1120052B167D61008963F8 /* Helping.cpp in Sources */,
				9B32E0FE2B139A49006687ED /* Sorting.cpp in Sources */,
				9B32E0FB2B137A60006687ED /* InAndOut.cpp in Sources */,
			);
			runOnlyForDeploymentPostprocessing = 0;
		};
/* End PBXSourcesBuildPhase section */

/* Begin XCBuildConfiguration section */
		9B32E0E12B1372B3006687ED /* Debug */ = {
			isa = XCBuildConfiguration;
			buildSettings = {
				ALWAYS_SEARCH_USER_PATHS = NO;
				CLANG_ANALYZER_NONNULL = YES;
				CLANG_ANALYZER_NUMBER_OBJECT_CONVERSION = YES_AGGRESSIVE;
				CLANG_CXX_LANGUAGE_STANDARD = "gnu++20";
				CLANG_ENABLE_MODULES = YES;
				CLANG_ENABLE_OBJC_ARC = YES;
				CLANG_ENABLE_OBJC_WEAK = YES;
				CLANG_WARN_BLOCK_CAPTURE_AUTORELEASING = YES;
				CLANG_WARN_BOOL_CONVERSION = YES;
				CLANG_WARN_COMMA = YES;
				CLANG_WARN_CONSTANT_CONVERSION = YES;
				CLANG_WARN_DEPRECATED_OBJC_IMPLEMENTATIONS = YES;
				CLANG_WARN_DIRECT_OBJC_ISA_USAGE = YES_ERROR;
				CLANG_WARN_DOCUMENTATION_COMMENTS = YES;
				CLANG_WARN_EMPTY_BODY = YES;
				CLANG_WARN_ENUM_CONVERSION = YES;
				CLANG_WARN_INFINITE_RECURSION = YES;
				CLANG_WARN_INT_CONVERSION = YES;
				CLANG_WARN_NON_LITERAL_NULL_CONVERSION = YES;
				CLANG_WARN_OBJC_IMPLICIT_RETAIN_SELF = YES;
				CLANG_WARN_OBJC_LITERAL_CONVERSION = YES;
				CLANG_WARN_OBJC_ROOT_CLASS = YES_ERROR;
				CLANG_WARN_QUOTED_INCLUDE_IN_FRAMEWORK_HEADER = YES;
				CLANG_WARN_RANGE_LOOP_ANALYSIS = YES;
				CLANG_WARN_STRICT_PROTOTYPES = YES;
				CLANG_WARN_SUSPICIOUS_MOVE = YES;
				CLANG_WARN_UNGUARDED_AVAILABILITY = YES_AGGRESSIVE;
				CLANG_WARN_UNREACHABLE_CODE = YES;
				CLANG_WARN__DUPLICATE_METHOD_MATCH = YES;
				COPY_PHASE_STRIP = NO;
				DEBUG_INFORMATION_FORMAT = dwarf;
				ENABLE_STRICT_OBJC_MSGSEND = YES;
				ENABLE_TESTABILITY = YES;
				GCC_C_LANGUAGE_STANDARD = gnu11;
				GCC_DYNAMIC_NO_PIC = NO;
				GCC_NO_COMMON_BLOCKS = YES;
				GCC_OPTIMIZATION_LEVEL = 0;
				GCC_PREPROCESSOR_DEFINITIONS = (
					"DEBUG=1",
					"$(inherited)",
				);
				GCC_WARN_64_TO_32_BIT_CONVERSION = YES;
				GCC_WARN_ABOUT_RETURN_TYPE = YES_ERROR;
				GCC_WARN_UNDECLARED_SELECTOR = YES;
				GCC_WARN_UNINITIALIZED_AUTOS = YES_AGGRESSIVE;
				GCC_WARN_UNUSED_FUNCTION = YES;
				GCC_WARN_UNUSED_VARIABLE = YES;
				MACOSX_DEPLOYMENT_TARGET = 13.3;
				MTL_ENABLE_DEBUG_INFO = INCLUDE_SOURCE;
				MTL_FAST_MATH = YES;
				ONLY_ACTIVE_ARCH = YES;
				SDKROOT = macosx;
			};
			name = Debug;
		};
		9B32E0E22B1372B3006687ED /* Release */ = {
			isa = XCBuildConfiguration;
			buildSettings = {
				ALWAYS_SEARCH_USER_PATHS = NO;
				CLANG_ANALYZER_NONNULL = YES;
				CLANG_ANALYZER_NUMBER_OBJECT_CONVERSION = YES_AGGRESSIVE;
				CLANG_CXX_LANGUAGE_STANDARD = "gnu++20";
				CLANG_ENABLE_MODULES = YES;
				CLANG_ENABLE_OBJC_ARC = YES;
				CLANG_ENABLE_OBJC_WEAK = YES;
				CLANG_WARN_BLOCK_CAPTURE_AUTORELEASING = YES;
				CLANG_WARN_BOOL_CONVERSION = YES;
				CLANG_WARN_COMMA = YES;
				CLANG_WARN_CONSTANT_CONVERSION = YES;
				CLANG_WARN_DEPRECATED_OBJC_IMPLEMENTATIONS = YES;
				CLANG_WARN_DIRECT_OBJC_ISA_USAGE = YES_ERROR;
				CLANG_WARN_DOCUMENTATION_COMMENTS = YES;
				CLANG_WARN_EMPTY_BODY = YES;
				CLANG_WARN_ENUM_CONVERSION = YES;
				CLANG_WARN_INFINITE_RECURSION = YES;
				CLANG_WARN_INT_CONVERSION = YES;
				CLANG_WARN_NON_LITERAL_NULL_CONVERSION = YES;
				CLANG_WARN_OBJC_IMPLICIT_RETAIN_SELF = YES;
				CLANG_WARN_OBJC_LITERAL_CONVERSION = YES;
				CLANG_WARN_OBJC_ROOT_CLASS = YES_ERROR;
				CLANG_WARN_QUOTED_INCLUDE_IN_FRAMEWORK_HEADER = YES;
				CLANG_WARN_RANGE_LOOP_ANALYSIS = YES;
				CLANG_WARN_STRICT_PROTOTYPES = YES;
				CLANG_WARN_SUSPICIOUS_MOVE = YES;
				CLANG_WARN_UNGUARDED_AVAILABILITY = YES_AGGRESSIVE;
				CLANG_WARN_UNREACHABLE_CODE = YES;
				CLANG_WARN__DUPLICATE_METHOD_MATCH = YES;
				COPY_PHASE_STRIP = NO;
				DEBUG_INFORMATION_FORMAT = "dwarf-with-dsym";
				ENABLE_NS_ASSERTIONS = NO;
				ENABLE_STRICT_OBJC_MSGSEND = YES;
				GCC_C_LANGUAGE_STANDARD = gnu11;
				GCC_NO_COMMON_BLOCKS = YES;
				GCC_WARN_64_TO_32_BIT_CONVERSION = YES;
				GCC_WARN_ABOUT_RETURN_TYPE = YES_ERROR;
				GCC_WARN_UNDECLARED_SELECTOR = YES;
				GCC_WARN_UNINITIALIZED_AUTOS = YES_AGGRESSIVE;
				GCC_WARN_UNUSED_FUNCTION = YES;
				GCC_WARN_UNUSED_VARIABLE = YES;
				MACOSX_DEPLOYMENT_TARGET = 13.3;
				MTL_ENABLE_DEBUG_INFO = NO;
				MTL_FAST_MATH = YES;
				SDKROOT = macosx;
			};
			name = Release;
		};
		9B32E0E42B1372B3006687ED /* Debug */ = {
			isa = XCBuildConfiguration;
			buildSettings = {
				CODE_SIGN_STYLE = Automatic;
				PRODUCT_NAME = "$(TARGET_NAME)";
			};
			name = Debug;
		};
		9B32E0E52B1372B3006687ED /* Release */ = {
			isa = XCBuildConfiguration;
			buildSettings = {
				CODE_SIGN_STYLE = Automatic;
				PRODUCT_NAME = "$(TARGET_NAME)";
			};
			name = Release;
		};
/* End XCBuildConfiguration section */

/* Begin XCConfigurationList section */
		9B32E0D72B1372B3006687ED /* Build configuration list for PBXProject "lab6" */ = {
			isa = XCConfigurationList;
			buildConfigurations = (
				9B32E0E12B1372B3006687ED /* Debug */,
				9B32E0E22B1372B3006687ED /* Release */,
			);
			defaultConfigurationIsVisible = 0;
			defaultConfigurationName = Release;
		};
		9B32E0E32B1372B3006687ED /* Build configuration list for PBXNativeTarget "lab6" */ = {
			isa = XCConfigurationList;
			buildConfigurations = (
				9B32E0E42B1372B3006687ED /* Debug */,
				9B32E0E52B1372B3006687ED /* Release */,
			);
			defaultConfigurationIsVisible = 0;
			defaultConfigurationName = Release;
		};
/* End XCConfigurationList section */
	};
	rootObject = 9B32E0D42B1372B3006687ED /* Project object */;
}
