// !$*UTF8*$!
{
	archiveVersion = 1;
	classes = {
	};
	objectVersion = 56;
	objects = {

/* Begin PBXBuildFile section */
		9B92B3082B925D7200D3FB5A /* LispValue.cpp in Sources */ = {isa = PBXBuildFile; fileRef = 9B92B3062B925D7200D3FB5A /* LispValue.cpp */; };
		9B92B3112B94943200D3FB5A /* myString.cpp in Sources */ = {isa = PBXBuildFile; fileRef = 9B92B30E2B94943200D3FB5A /* myString.cpp */; };
		9B92B3132B94991B00D3FB5A /* main.cpp in Sources */ = {isa = PBXBuildFile; fileRef = 9B92B3122B94991B00D3FB5A /* main.cpp */; };
		9B92B3162B94B1A000D3FB5A /* Code.cpp in Sources */ = {isa = PBXBuildFile; fileRef = 9B92B3142B94B1A000D3FB5A /* Code.cpp */; };
/* End PBXBuildFile section */

/* Begin PBXCopyFilesBuildPhase section */
		9B92B2FA2B9256CA00D3FB5A /* CopyFiles */ = {
			isa = PBXCopyFilesBuildPhase;
			buildActionMask = 2147483647;
			dstPath = /usr/share/man/man1/;
			dstSubfolderSpec = 0;
			files = (
			);
			runOnlyForDeploymentPostprocessing = 1;
		};
/* End PBXCopyFilesBuildPhase section */

/* Begin PBXFileReference section */
		9B92B2FC2B9256CA00D3FB5A /* Lisp */ = {isa = PBXFileReference; explicitFileType = "compiled.mach-o.executable"; includeInIndex = 0; path = Lisp; sourceTree = BUILT_PRODUCTS_DIR; };
		9B92B3062B925D7200D3FB5A /* LispValue.cpp */ = {isa = PBXFileReference; lastKnownFileType = sourcecode.cpp.cpp; path = LispValue.cpp; sourceTree = "<group>"; };
		9B92B3072B925D7200D3FB5A /* LispValue.hpp */ = {isa = PBXFileReference; lastKnownFileType = sourcecode.cpp.h; path = LispValue.hpp; sourceTree = "<group>"; };
		9B92B30E2B94943200D3FB5A /* myString.cpp */ = {isa = PBXFileReference; fileEncoding = 4; lastKnownFileType = sourcecode.cpp.cpp; name = myString.cpp; path = String/myString.cpp; sourceTree = "<group>"; };
		9B92B30F2B94943200D3FB5A /* myString.h */ = {isa = PBXFileReference; fileEncoding = 4; lastKnownFileType = sourcecode.c.h; name = myString.h; path = String/myString.h; sourceTree = "<group>"; };
		9B92B3122B94991B00D3FB5A /* main.cpp */ = {isa = PBXFileReference; lastKnownFileType = sourcecode.cpp.cpp; path = main.cpp; sourceTree = "<group>"; };
		9B92B3142B94B1A000D3FB5A /* Code.cpp */ = {isa = PBXFileReference; lastKnownFileType = sourcecode.cpp.cpp; path = Code.cpp; sourceTree = "<group>"; };
		9B92B3152B94B1A000D3FB5A /* Code.hpp */ = {isa = PBXFileReference; lastKnownFileType = sourcecode.cpp.h; path = Code.hpp; sourceTree = "<group>"; };
/* End PBXFileReference section */

/* Begin PBXFrameworksBuildPhase section */
		9B92B2F92B9256CA00D3FB5A /* Frameworks */ = {
			isa = PBXFrameworksBuildPhase;
			buildActionMask = 2147483647;
			files = (
			);
			runOnlyForDeploymentPostprocessing = 0;
		};
/* End PBXFrameworksBuildPhase section */

/* Begin PBXGroup section */
		9B92B2F32B9256CA00D3FB5A = {
			isa = PBXGroup;
			children = (
				9B92B2FE2B9256CA00D3FB5A /* Lisp */,
				9B92B2FD2B9256CA00D3FB5A /* Products */,
			);
			sourceTree = "<group>";
		};
		9B92B2FD2B9256CA00D3FB5A /* Products */ = {
			isa = PBXGroup;
			children = (
				9B92B2FC2B9256CA00D3FB5A /* Lisp */,
			);
			name = Products;
			sourceTree = "<group>";
		};
		9B92B2FE2B9256CA00D3FB5A /* Lisp */ = {
			isa = PBXGroup;
			children = (
				9B92B30E2B94943200D3FB5A /* myString.cpp */,
				9B92B30F2B94943200D3FB5A /* myString.h */,
				9B92B3062B925D7200D3FB5A /* LispValue.cpp */,
				9B92B3072B925D7200D3FB5A /* LispValue.hpp */,
				9B92B3122B94991B00D3FB5A /* main.cpp */,
				9B92B3142B94B1A000D3FB5A /* Code.cpp */,
				9B92B3152B94B1A000D3FB5A /* Code.hpp */,
			);
			path = Lisp;
			sourceTree = "<group>";
		};
/* End PBXGroup section */

/* Begin PBXNativeTarget section */
		9B92B2FB2B9256CA00D3FB5A /* Lisp */ = {
			isa = PBXNativeTarget;
			buildConfigurationList = 9B92B3032B9256CA00D3FB5A /* Build configuration list for PBXNativeTarget "Lisp" */;
			buildPhases = (
				9B92B2F82B9256CA00D3FB5A /* Sources */,
				9B92B2F92B9256CA00D3FB5A /* Frameworks */,
				9B92B2FA2B9256CA00D3FB5A /* CopyFiles */,
			);
			buildRules = (
			);
			dependencies = (
			);
			name = Lisp;
			productName = Lisp;
			productReference = 9B92B2FC2B9256CA00D3FB5A /* Lisp */;
			productType = "com.apple.product-type.tool";
		};
/* End PBXNativeTarget section */

/* Begin PBXProject section */
		9B92B2F42B9256CA00D3FB5A /* Project object */ = {
			isa = PBXProject;
			attributes = {
				BuildIndependentTargetsInParallel = 1;
				LastUpgradeCheck = 1430;
				TargetAttributes = {
					9B92B2FB2B9256CA00D3FB5A = {
						CreatedOnToolsVersion = 14.3.1;
					};
				};
			};
			buildConfigurationList = 9B92B2F72B9256CA00D3FB5A /* Build configuration list for PBXProject "Lisp" */;
			compatibilityVersion = "Xcode 14.0";
			developmentRegion = en;
			hasScannedForEncodings = 0;
			knownRegions = (
				en,
				Base,
			);
			mainGroup = 9B92B2F32B9256CA00D3FB5A;
			productRefGroup = 9B92B2FD2B9256CA00D3FB5A /* Products */;
			projectDirPath = "";
			projectRoot = "";
			targets = (
				9B92B2FB2B9256CA00D3FB5A /* Lisp */,
			);
		};
/* End PBXProject section */

/* Begin PBXSourcesBuildPhase section */
		9B92B2F82B9256CA00D3FB5A /* Sources */ = {
			isa = PBXSourcesBuildPhase;
			buildActionMask = 2147483647;
			files = (
				9B92B3112B94943200D3FB5A /* myString.cpp in Sources */,
				9B92B3082B925D7200D3FB5A /* LispValue.cpp in Sources */,
				9B92B3162B94B1A000D3FB5A /* Code.cpp in Sources */,
				9B92B3132B94991B00D3FB5A /* main.cpp in Sources */,
			);
			runOnlyForDeploymentPostprocessing = 0;
		};
/* End PBXSourcesBuildPhase section */

/* Begin XCBuildConfiguration section */
		9B92B3012B9256CA00D3FB5A /* Debug */ = {
			isa = XCBuildConfiguration;
			buildSettings = {
				ALWAYS_SEARCH_USER_PATHS = NO;
				CLANG_ANALYZER_NONNULL = YES;
				CLANG_ANALYZER_NUMBER_OBJECT_CONVERSION = YES_AGGRESSIVE;
				CLANG_CXX_LANGUAGE_STANDARD = "gnu++20";
				CLANG_ENABLE_MODULES = YES;
				CLANG_ENABLE_OBJC_ARC = YES;
				CLANG_ENABLE_OBJC_WEAK = YES;
				CLANG_WARN_BLOCK_CAPTURE_AUTORELEASING = YES;
				CLANG_WARN_BOOL_CONVERSION = YES;
				CLANG_WARN_COMMA = YES;
				CLANG_WARN_CONSTANT_CONVERSION = YES;
				CLANG_WARN_DEPRECATED_OBJC_IMPLEMENTATIONS = YES;
				CLANG_WARN_DIRECT_OBJC_ISA_USAGE = YES_ERROR;
				CLANG_WARN_DOCUMENTATION_COMMENTS = YES;
				CLANG_WARN_EMPTY_BODY = YES;
				CLANG_WARN_ENUM_CONVERSION = YES;
				CLANG_WARN_INFINITE_RECURSION = YES;
				CLANG_WARN_INT_CONVERSION = YES;
				CLANG_WARN_NON_LITERAL_NULL_CONVERSION = YES;
				CLANG_WARN_OBJC_IMPLICIT_RETAIN_SELF = YES;
				CLANG_WARN_OBJC_LITERAL_CONVERSION = YES;
				CLANG_WARN_OBJC_ROOT_CLASS = YES_ERROR;
				CLANG_WARN_QUOTED_INCLUDE_IN_FRAMEWORK_HEADER = YES;
				CLANG_WARN_RANGE_LOOP_ANALYSIS = YES;
				CLANG_WARN_STRICT_PROTOTYPES = YES;
				CLANG_WARN_SUSPICIOUS_MOVE = YES;
				CLANG_WARN_UNGUARDED_AVAILABILITY = YES_AGGRESSIVE;
				CLANG_WARN_UNREACHABLE_CODE = YES;
				CLANG_WARN__DUPLICATE_METHOD_MATCH = YES;
				COPY_PHASE_STRIP = NO;
				DEBUG_INFORMATION_FORMAT = dwarf;
				ENABLE_STRICT_OBJC_MSGSEND = YES;
				ENABLE_TESTABILITY = YES;
				GCC_C_LANGUAGE_STANDARD = gnu11;
				GCC_DYNAMIC_NO_PIC = NO;
				GCC_NO_COMMON_BLOCKS = YES;
				GCC_OPTIMIZATION_LEVEL = 0;
				GCC_PREPROCESSOR_DEFINITIONS = (
					"DEBUG=1",
					"$(inherited)",
				);
				GCC_WARN_64_TO_32_BIT_CONVERSION = YES;
				GCC_WARN_ABOUT_RETURN_TYPE = YES_ERROR;
				GCC_WARN_UNDECLARED_SELECTOR = YES;
				GCC_WARN_UNINITIALIZED_AUTOS = YES_AGGRESSIVE;
				GCC_WARN_UNUSED_FUNCTION = YES;
				GCC_WARN_UNUSED_VARIABLE = YES;
				MACOSX_DEPLOYMENT_TARGET = 13.3;
				MTL_ENABLE_DEBUG_INFO = INCLUDE_SOURCE;
				MTL_FAST_MATH = YES;
				ONLY_ACTIVE_ARCH = YES;
				SDKROOT = macosx;
			};
			name = Debug;
		};
		9B92B3022B9256CA00D3FB5A /* Release */ = {
			isa = XCBuildConfiguration;
			buildSettings = {
				ALWAYS_SEARCH_USER_PATHS = NO;
				CLANG_ANALYZER_NONNULL = YES;
				CLANG_ANALYZER_NUMBER_OBJECT_CONVERSION = YES_AGGRESSIVE;
				CLANG_CXX_LANGUAGE_STANDARD = "gnu++20";
				CLANG_ENABLE_MODULES = YES;
				CLANG_ENABLE_OBJC_ARC = YES;
				CLANG_ENABLE_OBJC_WEAK = YES;
				CLANG_WARN_BLOCK_CAPTURE_AUTORELEASING = YES;
				CLANG_WARN_BOOL_CONVERSION = YES;
				CLANG_WARN_COMMA = YES;
				CLANG_WARN_CONSTANT_CONVERSION = YES;
				CLANG_WARN_DEPRECATED_OBJC_IMPLEMENTATIONS = YES;
				CLANG_WARN_DIRECT_OBJC_ISA_USAGE = YES_ERROR;
				CLANG_WARN_DOCUMENTATION_COMMENTS = YES;
				CLANG_WARN_EMPTY_BODY = YES;
				CLANG_WARN_ENUM_CONVERSION = YES;
				CLANG_WARN_INFINITE_RECURSION = YES;
				CLANG_WARN_INT_CONVERSION = YES;
				CLANG_WARN_NON_LITERAL_NULL_CONVERSION = YES;
				CLANG_WARN_OBJC_IMPLICIT_RETAIN_SELF = YES;
				CLANG_WARN_OBJC_LITERAL_CONVERSION = YES;
				CLANG_WARN_OBJC_ROOT_CLASS = YES_ERROR;
				CLANG_WARN_QUOTED_INCLUDE_IN_FRAMEWORK_HEADER = YES;
				CLANG_WARN_RANGE_LOOP_ANALYSIS = YES;
				CLANG_WARN_STRICT_PROTOTYPES = YES;
				CLANG_WARN_SUSPICIOUS_MOVE = YES;
				CLANG_WARN_UNGUARDED_AVAILABILITY = YES_AGGRESSIVE;
				CLANG_WARN_UNREACHABLE_CODE = YES;
				CLANG_WARN__DUPLICATE_METHOD_MATCH = YES;
				COPY_PHASE_STRIP = NO;
				DEBUG_INFORMATION_FORMAT = "dwarf-with-dsym";
				ENABLE_NS_ASSERTIONS = NO;
				ENABLE_STRICT_OBJC_MSGSEND = YES;
				GCC_C_LANGUAGE_STANDARD = gnu11;
				GCC_NO_COMMON_BLOCKS = YES;
				GCC_WARN_64_TO_32_BIT_CONVERSION = YES;
				GCC_WARN_ABOUT_RETURN_TYPE = YES_ERROR;
				GCC_WARN_UNDECLARED_SELECTOR = YES;
				GCC_WARN_UNINITIALIZED_AUTOS = YES_AGGRESSIVE;
				GCC_WARN_UNUSED_FUNCTION = YES;
				GCC_WARN_UNUSED_VARIABLE = YES;
				MACOSX_DEPLOYMENT_TARGET = 13.3;
				MTL_ENABLE_DEBUG_INFO = NO;
				MTL_FAST_MATH = YES;
				SDKROOT = macosx;
			};
			name = Release;
		};
		9B92B3042B9256CA00D3FB5A /* Debug */ = {
			isa = XCBuildConfiguration;
			buildSettings = {
				CODE_SIGN_STYLE = Automatic;
				PRODUCT_NAME = "$(TARGET_NAME)";
			};
			name = Debug;
		};
		9B92B3052B9256CA00D3FB5A /* Release */ = {
			isa = XCBuildConfiguration;
			buildSettings = {
				CODE_SIGN_STYLE = Automatic;
				PRODUCT_NAME = "$(TARGET_NAME)";
			};
			name = Release;
		};
/* End XCBuildConfiguration section */

/* Begin XCConfigurationList section */
		9B92B2F72B9256CA00D3FB5A /* Build configuration list for PBXProject "Lisp" */ = {
			isa = XCConfigurationList;
			buildConfigurations = (
				9B92B3012B9256CA00D3FB5A /* Debug */,
				9B92B3022B9256CA00D3FB5A /* Release */,
			);
			defaultConfigurationIsVisible = 0;
			defaultConfigurationName = Release;
		};
		9B92B3032B9256CA00D3FB5A /* Build configuration list for PBXNativeTarget "Lisp" */ = {
			isa = XCConfigurationList;
			buildConfigurations = (
				9B92B3042B9256CA00D3FB5A /* Debug */,
				9B92B3052B9256CA00D3FB5A /* Release */,
			);
			defaultConfigurationIsVisible = 0;
			defaultConfigurationName = Release;
		};
/* End XCConfigurationList section */
	};
	rootObject = 9B92B2F42B9256CA00D3FB5A /* Project object */;
}
