// !$*UTF8*$!
{
	archiveVersion = 1;
	classes = {
	};
	objectVersion = 56;
	objects = {

/* Begin PBXBuildFile section */
		9B1384F92B876F9C0026B80F /* BoolArray.cpp in Sources */ = {isa = PBXBuildFile; fileRef = 9B1384F72B876F9C0026B80F /* BoolArray.cpp */; };
		9BE9FB322B7FC4D9003766FD /* main.cpp in Sources */ = {isa = PBXBuildFile; fileRef = 9BE9FB312B7FC4D9003766FD /* main.cpp */; };
		9BE9FB392B7FC4F6003766FD /* myString.cpp in Sources */ = {isa = PBXBuildFile; fileRef = 9BE9FB332B7FC4F6003766FD /* myString.cpp */; };
		9BE9FB3E2B832438003766FD /* Point.cpp in Sources */ = {isa = PBXBuildFile; fileRef = 9BE9FB3C2B832438003766FD /* Point.cpp */; };
		9BE9FB442B84F886003766FD /* BD.cpp in Sources */ = {isa = PBXBuildFile; fileRef = 9BE9FB422B84F886003766FD /* BD.cpp */; };
		9BE9FB472B84F90E003766FD /* Employee.cpp in Sources */ = {isa = PBXBuildFile; fileRef = 9BE9FB452B84F90E003766FD /* Employee.cpp */; };
/* End PBXBuildFile section */

/* Begin PBXCopyFilesBuildPhase section */
		9BE9FB212B7FC39C003766FD /* CopyFiles */ = {
			isa = PBXCopyFilesBuildPhase;
			buildActionMask = 2147483647;
			dstPath = /usr/share/man/man1/;
			dstSubfolderSpec = 0;
			files = (
			);
			runOnlyForDeploymentPostprocessing = 1;
		};
/* End PBXCopyFilesBuildPhase section */

/* Begin PBXFileReference section */
		9B1384F72B876F9C0026B80F /* BoolArray.cpp */ = {isa = PBXFileReference; lastKnownFileType = sourcecode.cpp.cpp; path = BoolArray.cpp; sourceTree = "<group>"; };
		9B1384F82B876F9C0026B80F /* BoolArray.hpp */ = {isa = PBXFileReference; lastKnownFileType = sourcecode.cpp.h; path = BoolArray.hpp; sourceTree = "<group>"; };
		9BE9FB232B7FC39C003766FD /* sem2lab3 */ = {isa = PBXFileReference; explicitFileType = "compiled.mach-o.executable"; includeInIndex = 0; path = sem2lab3; sourceTree = BUILT_PRODUCTS_DIR; };
		9BE9FB312B7FC4D9003766FD /* main.cpp */ = {isa = PBXFileReference; fileEncoding = 4; lastKnownFileType = sourcecode.cpp.cpp; path = main.cpp; sourceTree = "<group>"; };
		9BE9FB332B7FC4F6003766FD /* myString.cpp */ = {isa = PBXFileReference; fileEncoding = 4; lastKnownFileType = sourcecode.cpp.cpp; path = myString.cpp; sourceTree = "<group>"; };
		9BE9FB382B7FC4F6003766FD /* myString.h */ = {isa = PBXFileReference; fileEncoding = 4; lastKnownFileType = sourcecode.c.h; path = myString.h; sourceTree = "<group>"; };
		9BE9FB3C2B832438003766FD /* Point.cpp */ = {isa = PBXFileReference; lastKnownFileType = sourcecode.cpp.cpp; path = Point.cpp; sourceTree = "<group>"; };
		9BE9FB3D2B832438003766FD /* Point.hpp */ = {isa = PBXFileReference; lastKnownFileType = sourcecode.cpp.h; path = Point.hpp; sourceTree = "<group>"; };
		9BE9FB422B84F886003766FD /* BD.cpp */ = {isa = PBXFileReference; lastKnownFileType = sourcecode.cpp.cpp; path = BD.cpp; sourceTree = "<group>"; };
		9BE9FB432B84F886003766FD /* BD.hpp */ = {isa = PBXFileReference; lastKnownFileType = sourcecode.cpp.h; path = BD.hpp; sourceTree = "<group>"; };
		9BE9FB452B84F90E003766FD /* Employee.cpp */ = {isa = PBXFileReference; lastKnownFileType = sourcecode.cpp.cpp; path = Employee.cpp; sourceTree = "<group>"; };
		9BE9FB462B84F90E003766FD /* Employee.hpp */ = {isa = PBXFileReference; lastKnownFileType = sourcecode.cpp.h; path = Employee.hpp; sourceTree = "<group>"; };
/* End PBXFileReference section */

/* Begin PBXFrameworksBuildPhase section */
		9BE9FB202B7FC39C003766FD /* Frameworks */ = {
			isa = PBXFrameworksBuildPhase;
			buildActionMask = 2147483647;
			files = (
			);
			runOnlyForDeploymentPostprocessing = 0;
		};
/* End PBXFrameworksBuildPhase section */

/* Begin PBXGroup section */
		9B1384F62B876F810026B80F /* Bool Array */ = {
			isa = PBXGroup;
			children = (
				9B1384F72B876F9C0026B80F /* BoolArray.cpp */,
				9B1384F82B876F9C0026B80F /* BoolArray.hpp */,
			);
			path = "Bool Array";
			sourceTree = "<group>";
		};
		9BE9FB1A2B7FC39C003766FD = {
			isa = PBXGroup;
			children = (
				9BE9FB252B7FC39C003766FD /* sem2lab3 */,
				9BE9FB242B7FC39C003766FD /* Products */,
			);
			sourceTree = "<group>";
		};
		9BE9FB242B7FC39C003766FD /* Products */ = {
			isa = PBXGroup;
			children = (
				9BE9FB232B7FC39C003766FD /* sem2lab3 */,
			);
			name = Products;
			sourceTree = "<group>";
		};
		9BE9FB252B7FC39C003766FD /* sem2lab3 */ = {
			isa = PBXGroup;
			children = (
				9B1384F62B876F810026B80F /* Bool Array */,
				9BE9FB412B84F830003766FD /* Data Base */,
				9BE9FB402B84F7DB003766FD /* Point */,
				9BE9FB3F2B84F7CC003766FD /* String */,
				9BE9FB312B7FC4D9003766FD /* main.cpp */,
			);
			path = sem2lab3;
			sourceTree = "<group>";
		};
		9BE9FB3F2B84F7CC003766FD /* String */ = {
			isa = PBXGroup;
			children = (
				9BE9FB332B7FC4F6003766FD /* myString.cpp */,
				9BE9FB382B7FC4F6003766FD /* myString.h */,
			);
			path = String;
			sourceTree = "<group>";
		};
		9BE9FB402B84F7DB003766FD /* Point */ = {
			isa = PBXGroup;
			children = (
				9BE9FB3C2B832438003766FD /* Point.cpp */,
				9BE9FB3D2B832438003766FD /* Point.hpp */,
			);
			path = Point;
			sourceTree = "<group>";
		};
		9BE9FB412B84F830003766FD /* Data Base */ = {
			isa = PBXGroup;
			children = (
				9BE9FB422B84F886003766FD /* BD.cpp */,
				9BE9FB432B84F886003766FD /* BD.hpp */,
				9BE9FB452B84F90E003766FD /* Employee.cpp */,
				9BE9FB462B84F90E003766FD /* Employee.hpp */,
			);
			path = "Data Base";
			sourceTree = "<group>";
		};
/* End PBXGroup section */

/* Begin PBXNativeTarget section */
		9BE9FB222B7FC39C003766FD /* sem2lab3 */ = {
			isa = PBXNativeTarget;
			buildConfigurationList = 9BE9FB2A2B7FC39C003766FD /* Build configuration list for PBXNativeTarget "sem2lab3" */;
			buildPhases = (
				9BE9FB1F2B7FC39C003766FD /* Sources */,
				9BE9FB202B7FC39C003766FD /* Frameworks */,
				9BE9FB212B7FC39C003766FD /* CopyFiles */,
			);
			buildRules = (
			);
			dependencies = (
			);
			name = sem2lab3;
			productName = sem2lab3;
			productReference = 9BE9FB232B7FC39C003766FD /* sem2lab3 */;
			productType = "com.apple.product-type.tool";
		};
/* End PBXNativeTarget section */

/* Begin PBXProject section */
		9BE9FB1B2B7FC39C003766FD /* Project object */ = {
			isa = PBXProject;
			attributes = {
				BuildIndependentTargetsInParallel = 1;
				LastUpgradeCheck = 1430;
				TargetAttributes = {
					9BE9FB222B7FC39C003766FD = {
						CreatedOnToolsVersion = 14.3.1;
					};
				};
			};
			buildConfigurationList = 9BE9FB1E2B7FC39C003766FD /* Build configuration list for PBXProject "sem2lab3" */;
			compatibilityVersion = "Xcode 14.0";
			developmentRegion = en;
			hasScannedForEncodings = 0;
			knownRegions = (
				en,
				Base,
			);
			mainGroup = 9BE9FB1A2B7FC39C003766FD;
			productRefGroup = 9BE9FB242B7FC39C003766FD /* Products */;
			projectDirPath = "";
			projectRoot = "";
			targets = (
				9BE9FB222B7FC39C003766FD /* sem2lab3 */,
			);
		};
/* End PBXProject section */

/* Begin PBXSourcesBuildPhase section */
		9BE9FB1F2B7FC39C003766FD /* Sources */ = {
			isa = PBXSourcesBuildPhase;
			buildActionMask = 2147483647;
			files = (
				9BE9FB442B84F886003766FD /* BD.cpp in Sources */,
				9BE9FB3E2B832438003766FD /* Point.cpp in Sources */,
				9BE9FB392B7FC4F6003766FD /* myString.cpp in Sources */,
				9B1384F92B876F9C0026B80F /* BoolArray.cpp in Sources */,
				9BE9FB322B7FC4D9003766FD /* main.cpp in Sources */,
				9BE9FB472B84F90E003766FD /* Employee.cpp in Sources */,
			);
			runOnlyForDeploymentPostprocessing = 0;
		};
/* End PBXSourcesBuildPhase section */

/* Begin XCBuildConfiguration section */
		9BE9FB282B7FC39C003766FD /* Debug */ = {
			isa = XCBuildConfiguration;
			buildSettings = {
				ALWAYS_SEARCH_USER_PATHS = NO;
				CLANG_ANALYZER_NONNULL = YES;
				CLANG_ANALYZER_NUMBER_OBJECT_CONVERSION = YES_AGGRESSIVE;
				CLANG_CXX_LANGUAGE_STANDARD = "gnu++20";
				CLANG_ENABLE_MODULES = YES;
				CLANG_ENABLE_OBJC_ARC = YES;
				CLANG_ENABLE_OBJC_WEAK = YES;
				CLANG_WARN_BLOCK_CAPTURE_AUTORELEASING = YES;
				CLANG_WARN_BOOL_CONVERSION = YES;
				CLANG_WARN_COMMA = YES;
				CLANG_WARN_CONSTANT_CONVERSION = YES;
				CLANG_WARN_DEPRECATED_OBJC_IMPLEMENTATIONS = YES;
				CLANG_WARN_DIRECT_OBJC_ISA_USAGE = YES_ERROR;
				CLANG_WARN_DOCUMENTATION_COMMENTS = YES;
				CLANG_WARN_EMPTY_BODY = YES;
				CLANG_WARN_ENUM_CONVERSION = YES;
				CLANG_WARN_INFINITE_RECURSION = YES;
				CLANG_WARN_INT_CONVERSION = YES;
				CLANG_WARN_NON_LITERAL_NULL_CONVERSION = YES;
				CLANG_WARN_OBJC_IMPLICIT_RETAIN_SELF = YES;
				CLANG_WARN_OBJC_LITERAL_CONVERSION = YES;
				CLANG_WARN_OBJC_ROOT_CLASS = YES_ERROR;
				CLANG_WARN_QUOTED_INCLUDE_IN_FRAMEWORK_HEADER = YES;
				CLANG_WARN_RANGE_LOOP_ANALYSIS = YES;
				CLANG_WARN_STRICT_PROTOTYPES = YES;
				CLANG_WARN_SUSPICIOUS_MOVE = YES;
				CLANG_WARN_UNGUARDED_AVAILABILITY = YES_AGGRESSIVE;
				CLANG_WARN_UNREACHABLE_CODE = YES;
				CLANG_WARN__DUPLICATE_METHOD_MATCH = YES;
				COPY_PHASE_STRIP = NO;
				DEBUG_INFORMATION_FORMAT = dwarf;
				ENABLE_STRICT_OBJC_MSGSEND = YES;
				ENABLE_TESTABILITY = YES;
				GCC_C_LANGUAGE_STANDARD = gnu11;
				GCC_DYNAMIC_NO_PIC = NO;
				GCC_NO_COMMON_BLOCKS = YES;
				GCC_OPTIMIZATION_LEVEL = 0;
				GCC_PREPROCESSOR_DEFINITIONS = (
					"DEBUG=1",
					"$(inherited)",
				);
				GCC_WARN_64_TO_32_BIT_CONVERSION = YES;
				GCC_WARN_ABOUT_RETURN_TYPE = YES_ERROR;
				GCC_WARN_UNDECLARED_SELECTOR = YES;
				GCC_WARN_UNINITIALIZED_AUTOS = YES_AGGRESSIVE;
				GCC_WARN_UNUSED_FUNCTION = YES;
				GCC_WARN_UNUSED_VARIABLE = YES;
				MACOSX_DEPLOYMENT_TARGET = 13.3;
				MTL_ENABLE_DEBUG_INFO = INCLUDE_SOURCE;
				MTL_FAST_MATH = YES;
				ONLY_ACTIVE_ARCH = YES;
				SDKROOT = macosx;
			};
			name = Debug;
		};
		9BE9FB292B7FC39C003766FD /* Release */ = {
			isa = XCBuildConfiguration;
			buildSettings = {
				ALWAYS_SEARCH_USER_PATHS = NO;
				CLANG_ANALYZER_NONNULL = YES;
				CLANG_ANALYZER_NUMBER_OBJECT_CONVERSION = YES_AGGRESSIVE;
				CLANG_CXX_LANGUAGE_STANDARD = "gnu++20";
				CLANG_ENABLE_MODULES = YES;
				CLANG_ENABLE_OBJC_ARC = YES;
				CLANG_ENABLE_OBJC_WEAK = YES;
				CLANG_WARN_BLOCK_CAPTURE_AUTORELEASING = YES;
				CLANG_WARN_BOOL_CONVERSION = YES;
				CLANG_WARN_COMMA = YES;
				CLANG_WARN_CONSTANT_CONVERSION = YES;
				CLANG_WARN_DEPRECATED_OBJC_IMPLEMENTATIONS = YES;
				CLANG_WARN_DIRECT_OBJC_ISA_USAGE = YES_ERROR;
				CLANG_WARN_DOCUMENTATION_COMMENTS = YES;
				CLANG_WARN_EMPTY_BODY = YES;
				CLANG_WARN_ENUM_CONVERSION = YES;
				CLANG_WARN_INFINITE_RECURSION = YES;
				CLANG_WARN_INT_CONVERSION = YES;
				CLANG_WARN_NON_LITERAL_NULL_CONVERSION = YES;
				CLANG_WARN_OBJC_IMPLICIT_RETAIN_SELF = YES;
				CLANG_WARN_OBJC_LITERAL_CONVERSION = YES;
				CLANG_WARN_OBJC_ROOT_CLASS = YES_ERROR;
				CLANG_WARN_QUOTED_INCLUDE_IN_FRAMEWORK_HEADER = YES;
				CLANG_WARN_RANGE_LOOP_ANALYSIS = YES;
				CLANG_WARN_STRICT_PROTOTYPES = YES;
				CLANG_WARN_SUSPICIOUS_MOVE = YES;
				CLANG_WARN_UNGUARDED_AVAILABILITY = YES_AGGRESSIVE;
				CLANG_WARN_UNREACHABLE_CODE = YES;
				CLANG_WARN__DUPLICATE_METHOD_MATCH = YES;
				COPY_PHASE_STRIP = NO;
				DEBUG_INFORMATION_FORMAT = "dwarf-with-dsym";
				ENABLE_NS_ASSERTIONS = NO;
				ENABLE_STRICT_OBJC_MSGSEND = YES;
				GCC_C_LANGUAGE_STANDARD = gnu11;
				GCC_NO_COMMON_BLOCKS = YES;
				GCC_WARN_64_TO_32_BIT_CONVERSION = YES;
				GCC_WARN_ABOUT_RETURN_TYPE = YES_ERROR;
				GCC_WARN_UNDECLARED_SELECTOR = YES;
				GCC_WARN_UNINITIALIZED_AUTOS = YES_AGGRESSIVE;
				GCC_WARN_UNUSED_FUNCTION = YES;
				GCC_WARN_UNUSED_VARIABLE = YES;
				MACOSX_DEPLOYMENT_TARGET = 13.3;
				MTL_ENABLE_DEBUG_INFO = NO;
				MTL_FAST_MATH = YES;
				SDKROOT = macosx;
			};
			name = Release;
		};
		9BE9FB2B2B7FC39C003766FD /* Debug */ = {
			isa = XCBuildConfiguration;
			buildSettings = {
				CODE_SIGN_STYLE = Automatic;
				PRODUCT_NAME = "$(TARGET_NAME)";
			};
			name = Debug;
		};
		9BE9FB2C2B7FC39C003766FD /* Release */ = {
			isa = XCBuildConfiguration;
			buildSettings = {
				CODE_SIGN_STYLE = Automatic;
				PRODUCT_NAME = "$(TARGET_NAME)";
			};
			name = Release;
		};
/* End XCBuildConfiguration section */

/* Begin XCConfigurationList section */
		9BE9FB1E2B7FC39C003766FD /* Build configuration list for PBXProject "sem2lab3" */ = {
			isa = XCConfigurationList;
			buildConfigurations = (
				9BE9FB282B7FC39C003766FD /* Debug */,
				9BE9FB292B7FC39C003766FD /* Release */,
			);
			defaultConfigurationIsVisible = 0;
			defaultConfigurationName = Release;
		};
		9BE9FB2A2B7FC39C003766FD /* Build configuration list for PBXNativeTarget "sem2lab3" */ = {
			isa = XCConfigurationList;
			buildConfigurations = (
				9BE9FB2B2B7FC39C003766FD /* Debug */,
				9BE9FB2C2B7FC39C003766FD /* Release */,
			);
			defaultConfigurationIsVisible = 0;
			defaultConfigurationName = Release;
		};
/* End XCConfigurationList section */
	};
	rootObject = 9BE9FB1B2B7FC39C003766FD /* Project object */;
}
