// !$*UTF8*$!
{
	archiveVersion = 1;
	classes = {
	};
	objectVersion = 56;
	objects = {

/* Begin PBXBuildFile section */
		9B7977332B99A56A000956F1 /* main.cpp in Sources */ = {isa = PBXBuildFile; fileRef = 9B7977312B99A56A000956F1 /* main.cpp */; };
		9B92B2E82B90FA2F00D3FB5A /* Point.cpp in Sources */ = {isa = PBXBuildFile; fileRef = 9B92B2E72B90FA2F00D3FB5A /* Point.cpp */; };
		9B92B2EC2B90FA8600D3FB5A /* Circle.cpp in Sources */ = {isa = PBXBuildFile; fileRef = 9B92B2EA2B90FA8600D3FB5A /* Circle.cpp */; };
		9B92B2EF2B90FEA600D3FB5A /* Node.cpp in Sources */ = {isa = PBXBuildFile; fileRef = 9B92B2ED2B90FEA600D3FB5A /* Node.cpp */; };
		9B92B2F22B92220C00D3FB5A /* List.cpp in Sources */ = {isa = PBXBuildFile; fileRef = 9B92B2F02B92220C00D3FB5A /* List.cpp */; };
/* End PBXBuildFile section */

/* Begin PBXCopyFilesBuildPhase section */
		9B92B2DA2B90F9FA00D3FB5A /* CopyFiles */ = {
			isa = PBXCopyFilesBuildPhase;
			buildActionMask = 2147483647;
			dstPath = /usr/share/man/man1/;
			dstSubfolderSpec = 0;
			files = (
			);
			runOnlyForDeploymentPostprocessing = 1;
		};
/* End PBXCopyFilesBuildPhase section */

/* Begin PBXFileReference section */
		9B7977312B99A56A000956F1 /* main.cpp */ = {isa = PBXFileReference; lastKnownFileType = sourcecode.cpp.cpp; path = main.cpp; sourceTree = "<group>"; };
		9B7977322B99A56A000956F1 /* main.hpp */ = {isa = PBXFileReference; lastKnownFileType = sourcecode.cpp.h; path = main.hpp; sourceTree = "<group>"; };
		9B7977352B9CE600000956F1 /* Text.txt */ = {isa = PBXFileReference; fileEncoding = 4; lastKnownFileType = text; path = Text.txt; sourceTree = "<group>"; };
		9B92B2DC2B90F9FA00D3FB5A /* sem2lab4 */ = {isa = PBXFileReference; explicitFileType = "compiled.mach-o.executable"; includeInIndex = 0; path = sem2lab4; sourceTree = BUILT_PRODUCTS_DIR; };
		9B92B2E62B90FA2F00D3FB5A /* Point.hpp */ = {isa = PBXFileReference; fileEncoding = 4; lastKnownFileType = sourcecode.cpp.h; name = Point.hpp; path = Point/Point.hpp; sourceTree = "<group>"; };
		9B92B2E72B90FA2F00D3FB5A /* Point.cpp */ = {isa = PBXFileReference; fileEncoding = 4; lastKnownFileType = sourcecode.cpp.cpp; name = Point.cpp; path = Point/Point.cpp; sourceTree = "<group>"; };
		9B92B2EA2B90FA8600D3FB5A /* Circle.cpp */ = {isa = PBXFileReference; lastKnownFileType = sourcecode.cpp.cpp; path = Circle.cpp; sourceTree = "<group>"; };
		9B92B2EB2B90FA8600D3FB5A /* Circle.hpp */ = {isa = PBXFileReference; lastKnownFileType = sourcecode.cpp.h; path = Circle.hpp; sourceTree = "<group>"; };
		9B92B2ED2B90FEA600D3FB5A /* Node.cpp */ = {isa = PBXFileReference; lastKnownFileType = sourcecode.cpp.cpp; path = Node.cpp; sourceTree = "<group>"; };
		9B92B2EE2B90FEA600D3FB5A /* Node.hpp */ = {isa = PBXFileReference; lastKnownFileType = sourcecode.cpp.h; path = Node.hpp; sourceTree = "<group>"; };
		9B92B2F02B92220C00D3FB5A /* List.cpp */ = {isa = PBXFileReference; lastKnownFileType = sourcecode.cpp.cpp; path = List.cpp; sourceTree = "<group>"; };
		9B92B2F12B92220C00D3FB5A /* List.hpp */ = {isa = PBXFileReference; lastKnownFileType = sourcecode.cpp.h; path = List.hpp; sourceTree = "<group>"; };
/* End PBXFileReference section */

/* Begin PBXFrameworksBuildPhase section */
		9B92B2D92B90F9FA00D3FB5A /* Frameworks */ = {
			isa = PBXFrameworksBuildPhase;
			buildActionMask = 2147483647;
			files = (
			);
			runOnlyForDeploymentPostprocessing = 0;
		};
/* End PBXFrameworksBuildPhase section */

/* Begin PBXGroup section */
		9B92B2D32B90F9FA00D3FB5A = {
			isa = PBXGroup;
			children = (
				9B92B2DE2B90F9FA00D3FB5A /* sem2lab4 */,
				9B92B2DD2B90F9FA00D3FB5A /* Products */,
			);
			sourceTree = "<group>";
		};
		9B92B2DD2B90F9FA00D3FB5A /* Products */ = {
			isa = PBXGroup;
			children = (
				9B92B2DC2B90F9FA00D3FB5A /* sem2lab4 */,
			);
			name = Products;
			sourceTree = "<group>";
		};
		9B92B2DE2B90F9FA00D3FB5A /* sem2lab4 */ = {
			isa = PBXGroup;
			children = (
				9B7977352B9CE600000956F1 /* Text.txt */,
				9B92B2E72B90FA2F00D3FB5A /* Point.cpp */,
				9B92B2E62B90FA2F00D3FB5A /* Point.hpp */,
				9B92B2EA2B90FA8600D3FB5A /* Circle.cpp */,
				9B92B2EB2B90FA8600D3FB5A /* Circle.hpp */,
				9B92B2ED2B90FEA600D3FB5A /* Node.cpp */,
				9B92B2EE2B90FEA600D3FB5A /* Node.hpp */,
				9B92B2F02B92220C00D3FB5A /* List.cpp */,
				9B92B2F12B92220C00D3FB5A /* List.hpp */,
				9B7977312B99A56A000956F1 /* main.cpp */,
				9B7977322B99A56A000956F1 /* main.hpp */,
			);
			path = sem2lab4;
			sourceTree = "<group>";
		};
/* End PBXGroup section */

/* Begin PBXNativeTarget section */
		9B92B2DB2B90F9FA00D3FB5A /* sem2lab4 */ = {
			isa = PBXNativeTarget;
			buildConfigurationList = 9B92B2E32B90F9FA00D3FB5A /* Build configuration list for PBXNativeTarget "sem2lab4" */;
			buildPhases = (
				9B92B2D82B90F9FA00D3FB5A /* Sources */,
				9B92B2D92B90F9FA00D3FB5A /* Frameworks */,
				9B92B2DA2B90F9FA00D3FB5A /* CopyFiles */,
			);
			buildRules = (
			);
			dependencies = (
			);
			name = sem2lab4;
			productName = sem2lab4;
			productReference = 9B92B2DC2B90F9FA00D3FB5A /* sem2lab4 */;
			productType = "com.apple.product-type.tool";
		};
/* End PBXNativeTarget section */

/* Begin PBXProject section */
		9B92B2D42B90F9FA00D3FB5A /* Project object */ = {
			isa = PBXProject;
			attributes = {
				BuildIndependentTargetsInParallel = 1;
				LastUpgradeCheck = 1430;
				TargetAttributes = {
					9B92B2DB2B90F9FA00D3FB5A = {
						CreatedOnToolsVersion = 14.3.1;
					};
				};
			};
			buildConfigurationList = 9B92B2D72B90F9FA00D3FB5A /* Build configuration list for PBXProject "sem2lab4" */;
			compatibilityVersion = "Xcode 14.0";
			developmentRegion = en;
			hasScannedForEncodings = 0;
			knownRegions = (
				en,
				Base,
			);
			mainGroup = 9B92B2D32B90F9FA00D3FB5A;
			productRefGroup = 9B92B2DD2B90F9FA00D3FB5A /* Products */;
			projectDirPath = "";
			projectRoot = "";
			targets = (
				9B92B2DB2B90F9FA00D3FB5A /* sem2lab4 */,
			);
		};
/* End PBXProject section */

/* Begin PBXSourcesBuildPhase section */
		9B92B2D82B90F9FA00D3FB5A /* Sources */ = {
			isa = PBXSourcesBuildPhase;
			buildActionMask = 2147483647;
			files = (
				9B92B2E82B90FA2F00D3FB5A /* Point.cpp in Sources */,
				9B92B2EC2B90FA8600D3FB5A /* Circle.cpp in Sources */,
				9B92B2EF2B90FEA600D3FB5A /* Node.cpp in Sources */,
				9B7977332B99A56A000956F1 /* main.cpp in Sources */,
				9B92B2F22B92220C00D3FB5A /* List.cpp in Sources */,
			);
			runOnlyForDeploymentPostprocessing = 0;
		};
/* End PBXSourcesBuildPhase section */

/* Begin XCBuildConfiguration section */
		9B92B2E12B90F9FA00D3FB5A /* Debug */ = {
			isa = XCBuildConfiguration;
			buildSettings = {
				ALWAYS_SEARCH_USER_PATHS = NO;
				CLANG_ANALYZER_NONNULL = YES;
				CLANG_ANALYZER_NUMBER_OBJECT_CONVERSION = YES_AGGRESSIVE;
				CLANG_CXX_LANGUAGE_STANDARD = "gnu++20";
				CLANG_ENABLE_MODULES = YES;
				CLANG_ENABLE_OBJC_ARC = YES;
				CLANG_ENABLE_OBJC_WEAK = YES;
				CLANG_WARN_BLOCK_CAPTURE_AUTORELEASING = YES;
				CLANG_WARN_BOOL_CONVERSION = YES;
				CLANG_WARN_COMMA = YES;
				CLANG_WARN_CONSTANT_CONVERSION = YES;
				CLANG_WARN_DEPRECATED_OBJC_IMPLEMENTATIONS = YES;
				CLANG_WARN_DIRECT_OBJC_ISA_USAGE = YES_ERROR;
				CLANG_WARN_DOCUMENTATION_COMMENTS = YES;
				CLANG_WARN_EMPTY_BODY = YES;
				CLANG_WARN_ENUM_CONVERSION = YES;
				CLANG_WARN_INFINITE_RECURSION = YES;
				CLANG_WARN_INT_CONVERSION = YES;
				CLANG_WARN_NON_LITERAL_NULL_CONVERSION = YES;
				CLANG_WARN_OBJC_IMPLICIT_RETAIN_SELF = YES;
				CLANG_WARN_OBJC_LITERAL_CONVERSION = YES;
				CLANG_WARN_OBJC_ROOT_CLASS = YES_ERROR;
				CLANG_WARN_QUOTED_INCLUDE_IN_FRAMEWORK_HEADER = YES;
				CLANG_WARN_RANGE_LOOP_ANALYSIS = YES;
				CLANG_WARN_STRICT_PROTOTYPES = YES;
				CLANG_WARN_SUSPICIOUS_MOVE = YES;
				CLANG_WARN_UNGUARDED_AVAILABILITY = YES_AGGRESSIVE;
				CLANG_WARN_UNREACHABLE_CODE = YES;
				CLANG_WARN__DUPLICATE_METHOD_MATCH = YES;
				COPY_PHASE_STRIP = NO;
				DEBUG_INFORMATION_FORMAT = dwarf;
				ENABLE_STRICT_OBJC_MSGSEND = YES;
				ENABLE_TESTABILITY = YES;
				GCC_C_LANGUAGE_STANDARD = gnu11;
				GCC_DYNAMIC_NO_PIC = NO;
				GCC_NO_COMMON_BLOCKS = YES;
				GCC_OPTIMIZATION_LEVEL = 0;
				GCC_PREPROCESSOR_DEFINITIONS = (
					"DEBUG=1",
					"$(inherited)",
				);
				GCC_WARN_64_TO_32_BIT_CONVERSION = YES;
				GCC_WARN_ABOUT_RETURN_TYPE = YES_ERROR;
				GCC_WARN_UNDECLARED_SELECTOR = YES;
				GCC_WARN_UNINITIALIZED_AUTOS = YES_AGGRESSIVE;
				GCC_WARN_UNUSED_FUNCTION = YES;
				GCC_WARN_UNUSED_VARIABLE = YES;
				MACOSX_DEPLOYMENT_TARGET = 13.3;
				MTL_ENABLE_DEBUG_INFO = INCLUDE_SOURCE;
				MTL_FAST_MATH = YES;
				ONLY_ACTIVE_ARCH = YES;
				SDKROOT = macosx;
			};
			name = Debug;
		};
		9B92B2E22B90F9FA00D3FB5A /* Release */ = {
			isa = XCBuildConfiguration;
			buildSettings = {
				ALWAYS_SEARCH_USER_PATHS = NO;
				CLANG_ANALYZER_NONNULL = YES;
				CLANG_ANALYZER_NUMBER_OBJECT_CONVERSION = YES_AGGRESSIVE;
				CLANG_CXX_LANGUAGE_STANDARD = "gnu++20";
				CLANG_ENABLE_MODULES = YES;
				CLANG_ENABLE_OBJC_ARC = YES;
				CLANG_ENABLE_OBJC_WEAK = YES;
				CLANG_WARN_BLOCK_CAPTURE_AUTORELEASING = YES;
				CLANG_WARN_BOOL_CONVERSION = YES;
				CLANG_WARN_COMMA = YES;
				CLANG_WARN_CONSTANT_CONVERSION = YES;
				CLANG_WARN_DEPRECATED_OBJC_IMPLEMENTATIONS = YES;
				CLANG_WARN_DIRECT_OBJC_ISA_USAGE = YES_ERROR;
				CLANG_WARN_DOCUMENTATION_COMMENTS = YES;
				CLANG_WARN_EMPTY_BODY = YES;
				CLANG_WARN_ENUM_CONVERSION = YES;
				CLANG_WARN_INFINITE_RECURSION = YES;
				CLANG_WARN_INT_CONVERSION = YES;
				CLANG_WARN_NON_LITERAL_NULL_CONVERSION = YES;
				CLANG_WARN_OBJC_IMPLICIT_RETAIN_SELF = YES;
				CLANG_WARN_OBJC_LITERAL_CONVERSION = YES;
				CLANG_WARN_OBJC_ROOT_CLASS = YES_ERROR;
				CLANG_WARN_QUOTED_INCLUDE_IN_FRAMEWORK_HEADER = YES;
				CLANG_WARN_RANGE_LOOP_ANALYSIS = YES;
				CLANG_WARN_STRICT_PROTOTYPES = YES;
				CLANG_WARN_SUSPICIOUS_MOVE = YES;
				CLANG_WARN_UNGUARDED_AVAILABILITY = YES_AGGRESSIVE;
				CLANG_WARN_UNREACHABLE_CODE = YES;
				CLANG_WARN__DUPLICATE_METHOD_MATCH = YES;
				COPY_PHASE_STRIP = NO;
				DEBUG_INFORMATION_FORMAT = "dwarf-with-dsym";
				ENABLE_NS_ASSERTIONS = NO;
				ENABLE_STRICT_OBJC_MSGSEND = YES;
				GCC_C_LANGUAGE_STANDARD = gnu11;
				GCC_NO_COMMON_BLOCKS = YES;
				GCC_WARN_64_TO_32_BIT_CONVERSION = YES;
				GCC_WARN_ABOUT_RETURN_TYPE = YES_ERROR;
				GCC_WARN_UNDECLARED_SELECTOR = YES;
				GCC_WARN_UNINITIALIZED_AUTOS = YES_AGGRESSIVE;
				GCC_WARN_UNUSED_FUNCTION = YES;
				GCC_WARN_UNUSED_VARIABLE = YES;
				MACOSX_DEPLOYMENT_TARGET = 13.3;
				MTL_ENABLE_DEBUG_INFO = NO;
				MTL_FAST_MATH = YES;
				SDKROOT = macosx;
			};
			name = Release;
		};
		9B92B2E42B90F9FA00D3FB5A /* Debug */ = {
			isa = XCBuildConfiguration;
			buildSettings = {
				CODE_SIGN_STYLE = Automatic;
				PRODUCT_NAME = "$(TARGET_NAME)";
			};
			name = Debug;
		};
		9B92B2E52B90F9FA00D3FB5A /* Release */ = {
			isa = XCBuildConfiguration;
			buildSettings = {
				CODE_SIGN_STYLE = Automatic;
				PRODUCT_NAME = "$(TARGET_NAME)";
			};
			name = Release;
		};
/* End XCBuildConfiguration section */

/* Begin XCConfigurationList section */
		9B92B2D72B90F9FA00D3FB5A /* Build configuration list for PBXProject "sem2lab4" */ = {
			isa = XCConfigurationList;
			buildConfigurations = (
				9B92B2E12B90F9FA00D3FB5A /* Debug */,
				9B92B2E22B90F9FA00D3FB5A /* Release */,
			);
			defaultConfigurationIsVisible = 0;
			defaultConfigurationName = Release;
		};
		9B92B2E32B90F9FA00D3FB5A /* Build configuration list for PBXNativeTarget "sem2lab4" */ = {
			isa = XCConfigurationList;
			buildConfigurations = (
				9B92B2E42B90F9FA00D3FB5A /* Debug */,
				9B92B2E52B90F9FA00D3FB5A /* Release */,
			);
			defaultConfigurationIsVisible = 0;
			defaultConfigurationName = Release;
		};
/* End XCConfigurationList section */
	};
	rootObject = 9B92B2D42B90F9FA00D3FB5A /* Project object */;
}
